
Microsoft Visual Studio Solution File, Format Version 12.00
# Visual Studio Version 17
VisualStudioVersion = 17.0.31903.59
MinimumVisualStudioVersion = 10.0.40219.1
Project("{2150E333-8FDC-42A3-9474-1A3956D46DE8}") = "src", "src", "{827E0CD3-B72D-47B6-A68D-7590B98EB39B}"
EndProject
Project("{FAE04EC0-301F-11D3-BF4B-00C04F79EFBC}") = "Posit.Contracts", "src\Posit.Contracts\Posit.Contracts.csproj", "{0D02648A-DD90-47F0-A017-BA8781CAD7E1}"
EndProject
Project("{FAE04EC0-301F-11D3-BF4B-00C04F79EFBC}") = "Posit.Core", "src\Posit.Core\Posit.Core.csproj", "{C89E3202-A1C2-45A9-B0AE-D68241B000A9}"
EndProject
Project("{FAE04EC0-301F-11D3-BF4B-00C04F79EFBC}") = "Posit.Data", "src\Posit.Data\Posit.Data.csproj", "{7BD1F041-2022-48AF-B90D-28DC5E5A7C2A}"
EndProject
Project("{FAE04EC0-301F-11D3-BF4B-00C04F79EFBC}") = "Posit.AI", "src\Posit.AI\Posit.AI.csproj", "{1AD7A6C3-EEBE-40C2-9011-E5AF3B47AC95}"
EndProject
Project("{FAE04EC0-301F-11D3-BF4B-00C04F79EFBC}") = "Posit.Tools", "src\Posit.Tools\Posit.Tools.csproj", "{709E1F5E-A714-407E-A538-2864B1535818}"
EndProject
Project("{FAE04EC0-301F-11D3-BF4B-00C04F79EFBC}") = "Posit.Phases", "src\Posit.Phases\Posit.Phases.csproj", "{5B7E70EA-6CC8-46E0-AB51-67E81B290912}"
EndProject
Project("{FAE04EC0-301F-11D3-BF4B-00C04F79EFBC}") = "Posit.Web", "src\Posit.Web\Posit.Web.csproj", "{C5F757C5-9294-4080-AA54-A06EB7D21726}"
EndProject
Project("{FAE04EC0-301F-11D3-BF4B-00C04F79EFBC}") = "Posit.Cli", "src\Posit.Cli\Posit.Cli.csproj", "{10912C89-CA47-4E03-B7FF-6D9D0726F2DA}"
EndProject
Global
	GlobalSection(SolutionConfigurationPlatforms) = preSolution
		Debug|Any CPU = Debug|Any CPU
		Debug|x64 = Debug|x64
		Debug|x86 = Debug|x86
		Release|Any CPU = Release|Any CPU
		Release|x64 = Release|x64
		Release|x86 = Release|x86
	EndGlobalSection
	GlobalSection(ProjectConfigurationPlatforms) = postSolution
		{0D02648A-DD90-47F0-A017-BA8781CAD7E1}.Debug|Any CPU.ActiveCfg = Debug|Any CPU
		{0D02648A-DD90-47F0-A017-BA8781CAD7E1}.Debug|Any CPU.Build.0 = Debug|Any CPU
		{0D02648A-DD90-47F0-A017-BA8781CAD7E1}.Debug|x64.ActiveCfg = Debug|Any CPU
		{0D02648A-DD90-47F0-A017-BA8781CAD7E1}.Debug|x64.Build.0 = Debug|Any CPU
		{0D02648A-DD90-47F0-A017-BA8781CAD7E1}.Debug|x86.ActiveCfg = Debug|Any CPU
		{0D02648A-DD90-47F0-A017-BA8781CAD7E1}.Debug|x86.Build.0 = Debug|Any CPU
		{0D02648A-DD90-47F0-A017-BA8781CAD7E1}.Release|Any CPU.ActiveCfg = Release|Any CPU
		{0D02648A-DD90-47F0-A017-BA8781CAD7E1}.Release|Any CPU.Build.0 = Release|Any CPU
		{0D02648A-DD90-47F0-A017-BA8781CAD7E1}.Release|x64.ActiveCfg = Release|Any CPU
		{0D02648A-DD90-47F0-A017-BA8781CAD7E1}.Release|x64.Build.0 = Release|Any CPU
		{0D02648A-DD90-47F0-A017-BA8781CAD7E1}.Release|x86.ActiveCfg = Release|Any CPU
		{0D02648A-DD90-47F0-A017-BA8781CAD7E1}.Release|x86.Build.0 = Release|Any CPU
		{C89E3202-A1C2-45A9-B0AE-D68241B000A9}.Debug|Any CPU.ActiveCfg = Debug|Any CPU
		{C89E3202-A1C2-45A9-B0AE-D68241B000A9}.Debug|Any CPU.Build.0 = Debug|Any CPU
		{C89E3202-A1C2-45A9-B0AE-D68241B000A9}.Debug|x64.ActiveCfg = Debug|Any CPU
		{C89E3202-A1C2-45A9-B0AE-D68241B000A9}.Debug|x64.Build.0 = Debug|Any CPU
		{C89E3202-A1C2-45A9-B0AE-D68241B000A9}.Debug|x86.ActiveCfg = Debug|Any CPU
		{C89E3202-A1C2-45A9-B0AE-D68241B000A9}.Debug|x86.Build.0 = Debug|Any CPU
		{C89E3202-A1C2-45A9-B0AE-D68241B000A9}.Release|Any CPU.ActiveCfg = Release|Any CPU
		{C89E3202-A1C2-45A9-B0AE-D68241B000A9}.Release|Any CPU.Build.0 = Release|Any CPU
		{C89E3202-A1C2-45A9-B0AE-D68241B000A9}.Release|x64.ActiveCfg = Release|Any CPU
		{C89E3202-A1C2-45A9-B0AE-D68241B000A9}.Release|x64.Build.0 = Release|Any CPU
		{C89E3202-A1C2-45A9-B0AE-D68241B000A9}.Release|x86.ActiveCfg = Release|Any CPU
		{C89E3202-A1C2-45A9-B0AE-D68241B000A9}.Release|x86.Build.0 = Release|Any CPU
		{7BD1F041-2022-48AF-B90D-28DC5E5A7C2A}.Debug|Any CPU.ActiveCfg = Debug|Any CPU
		{7BD1F041-2022-48AF-B90D-28DC5E5A7C2A}.Debug|Any CPU.Build.0 = Debug|Any CPU
		{7BD1F041-2022-48AF-B90D-28DC5E5A7C2A}.Debug|x64.ActiveCfg = Debug|Any CPU
		{7BD1F041-2022-48AF-B90D-28DC5E5A7C2A}.Debug|x64.Build.0 = Debug|Any CPU
		{7BD1F041-2022-48AF-B90D-28DC5E5A7C2A}.Debug|x86.ActiveCfg = Debug|Any CPU
		{7BD1F041-2022-48AF-B90D-28DC5E5A7C2A}.Debug|x86.Build.0 = Debug|Any CPU
		{7BD1F041-2022-48AF-B90D-28DC5E5A7C2A}.Release|Any CPU.ActiveCfg = Release|Any CPU
		{7BD1F041-2022-48AF-B90D-28DC5E5A7C2A}.Release|Any CPU.Build.0 = Release|Any CPU
		{7BD1F041-2022-48AF-B90D-28DC5E5A7C2A}.Release|x64.ActiveCfg = Release|Any CPU
		{7BD1F041-2022-48AF-B90D-28DC5E5A7C2A}.Release|x64.Build.0 = Release|Any CPU
		{7BD1F041-2022-48AF-B90D-28DC5E5A7C2A}.Release|x86.ActiveCfg = Release|Any CPU
		{7BD1F041-2022-48AF-B90D-28DC5E5A7C2A}.Release|x86.Build.0 = Release|Any CPU
		{1AD7A6C3-EEBE-40C2-9011-E5AF3B47AC95}.Debug|Any CPU.ActiveCfg = Debug|Any CPU
		{1AD7A6C3-EEBE-40C2-9011-E5AF3B47AC95}.Debug|Any CPU.Build.0 = Debug|Any CPU
		{1AD7A6C3-EEBE-40C2-9011-E5AF3B47AC95}.Debug|x64.ActiveCfg = Debug|Any CPU
		{1AD7A6C3-EEBE-40C2-9011-E5AF3B47AC95}.Debug|x64.Build.0 = Debug|Any CPU
		{1AD7A6C3-EEBE-40C2-9011-E5AF3B47AC95}.Debug|x86.ActiveCfg = Debug|Any CPU
		{1AD7A6C3-EEBE-40C2-9011-E5AF3B47AC95}.Debug|x86.Build.0 = Debug|Any CPU
		{1AD7A6C3-EEBE-40C2-9011-E5AF3B47AC95}.Release|Any CPU.ActiveCfg = Release|Any CPU
		{1AD7A6C3-EEBE-40C2-9011-E5AF3B47AC95}.Release|Any CPU.Build.0 = Release|Any CPU
		{1AD7A6C3-EEBE-40C2-9011-E5AF3B47AC95}.Release|x64.ActiveCfg = Release|Any CPU
		{1AD7A6C3-EEBE-40C2-9011-E5AF3B47AC95}.Release|x64.Build.0 = Release|Any CPU
		{1AD7A6C3-EEBE-40C2-9011-E5AF3B47AC95}.Release|x86.ActiveCfg = Release|Any CPU
		{1AD7A6C3-EEBE-40C2-9011-E5AF3B47AC95}.Release|x86.Build.0 = Release|Any CPU
		{709E1F5E-A714-407E-A538-2864B1535818}.Debug|Any CPU.ActiveCfg = Debug|Any CPU
		{709E1F5E-A714-407E-A538-2864B1535818}.Debug|Any CPU.Build.0 = Debug|Any CPU
		{709E1F5E-A714-407E-A538-2864B1535818}.Debug|x64.ActiveCfg = Debug|Any CPU
		{709E1F5E-A714-407E-A538-2864B1535818}.Debug|x64.Build.0 = Debug|Any CPU
		{709E1F5E-A714-407E-A538-2864B1535818}.Debug|x86.ActiveCfg = Debug|Any CPU
		{709E1F5E-A714-407E-A538-2864B1535818}.Debug|x86.Build.0 = Debug|Any CPU
		{709E1F5E-A714-407E-A538-2864B1535818}.Release|Any CPU.ActiveCfg = Release|Any CPU
		{709E1F5E-A714-407E-A538-2864B1535818}.Release|Any CPU.Build.0 = Release|Any CPU
		{709E1F5E-A714-407E-A538-2864B1535818}.Release|x64.ActiveCfg = Release|Any CPU
		{709E1F5E-A714-407E-A538-2864B1535818}.Release|x64.Build.0 = Release|Any CPU
		{709E1F5E-A714-407E-A538-2864B1535818}.Release|x86.ActiveCfg = Release|Any CPU
		{709E1F5E-A714-407E-A538-2864B1535818}.Release|x86.Build.0 = Release|Any CPU
		{5B7E70EA-6CC8-46E0-AB51-67E81B290912}.Debug|Any CPU.ActiveCfg = Debug|Any CPU
		{5B7E70EA-6CC8-46E0-AB51-67E81B290912}.Debug|Any CPU.Build.0 = Debug|Any CPU
		{5B7E70EA-6CC8-46E0-AB51-67E81B290912}.Debug|x64.ActiveCfg = Debug|Any CPU
		{5B7E70EA-6CC8-46E0-AB51-67E81B290912}.Debug|x64.Build.0 = Debug|Any CPU
		{5B7E70EA-6CC8-46E0-AB51-67E81B290912}.Debug|x86.ActiveCfg = Debug|Any CPU
		{5B7E70EA-6CC8-46E0-AB51-67E81B290912}.Debug|x86.Build.0 = Debug|Any CPU
		{5B7E70EA-6CC8-46E0-AB51-67E81B290912}.Release|Any CPU.ActiveCfg = Release|Any CPU
		{5B7E70EA-6CC8-46E0-AB51-67E81B290912}.Release|Any CPU.Build.0 = Release|Any CPU
		{5B7E70EA-6CC8-46E0-AB51-67E81B290912}.Release|x64.ActiveCfg = Release|Any CPU
		{5B7E70EA-6CC8-46E0-AB51-67E81B290912}.Release|x64.Build.0 = Release|Any CPU
		{5B7E70EA-6CC8-46E0-AB51-67E81B290912}.Release|x86.ActiveCfg = Release|Any CPU
		{5B7E70EA-6CC8-46E0-AB51-67E81B290912}.Release|x86.Build.0 = Release|Any CPU
		{C5F757C5-9294-4080-AA54-A06EB7D21726}.Debug|Any CPU.ActiveCfg = Debug|Any CPU
		{C5F757C5-9294-4080-AA54-A06EB7D21726}.Debug|Any CPU.Build.0 = Debug|Any CPU
		{C5F757C5-9294-4080-AA54-A06EB7D21726}.Debug|x64.ActiveCfg = Debug|Any CPU
		{C5F757C5-9294-4080-AA54-A06EB7D21726}.Debug|x64.Build.0 = Debug|Any CPU
		{C5F757C5-9294-4080-AA54-A06EB7D21726}.Debug|x86.ActiveCfg = Debug|Any CPU
		{C5F757C5-9294-4080-AA54-A06EB7D21726}.Debug|x86.Build.0 = Debug|Any CPU
		{C5F757C5-9294-4080-AA54-A06EB7D21726}.Release|Any CPU.ActiveCfg = Release|Any CPU
		{C5F757C5-9294-4080-AA54-A06EB7D21726}.Release|Any CPU.Build.0 = Release|Any CPU
		{C5F757C5-9294-4080-AA54-A06EB7D21726}.Release|x64.ActiveCfg = Release|Any CPU
		{C5F757C5-9294-4080-AA54-A06EB7D21726}.Release|x64.Build.0 = Release|Any CPU
		{C5F757C5-9294-4080-AA54-A06EB7D21726}.Release|x86.ActiveCfg = Release|Any CPU
		{C5F757C5-9294-4080-AA54-A06EB7D21726}.Release|x86.Build.0 = Release|Any CPU
		{10912C89-CA47-4E03-B7FF-6D9D0726F2DA}.Debug|Any CPU.ActiveCfg = Debug|Any CPU
		{10912C89-CA47-4E03-B7FF-6D9D0726F2DA}.Debug|Any CPU.Build.0 = Debug|Any CPU
		{10912C89-CA47-4E03-B7FF-6D9D0726F2DA}.Debug|x64.ActiveCfg = Debug|Any CPU
		{10912C89-CA47-4E03-B7FF-6D9D0726F2DA}.Debug|x64.Build.0 = Debug|Any CPU
		{10912C89-CA47-4E03-B7FF-6D9D0726F2DA}.Debug|x86.ActiveCfg = Debug|Any CPU
		{10912C89-CA47-4E03-B7FF-6D9D0726F2DA}.Debug|x86.Build.0 = Debug|Any CPU
		{10912C89-CA47-4E03-B7FF-6D9D0726F2DA}.Release|Any CPU.ActiveCfg = Release|Any CPU
		{10912C89-CA47-4E03-B7FF-6D9D0726F2DA}.Release|Any CPU.Build.0 = Release|Any CPU
		{10912C89-CA47-4E03-B7FF-6D9D0726F2DA}.Release|x64.ActiveCfg = Release|Any CPU
		{10912C89-CA47-4E03-B7FF-6D9D0726F2DA}.Release|x64.Build.0 = Release|Any CPU
		{10912C89-CA47-4E03-B7FF-6D9D0726F2DA}.Release|x86.ActiveCfg = Release|Any CPU
		{10912C89-CA47-4E03-B7FF-6D9D0726F2DA}.Release|x86.Build.0 = Release|Any CPU
	EndGlobalSection
	GlobalSection(SolutionProperties) = preSolution
		HideSolutionNode = FALSE
	EndGlobalSection
	GlobalSection(NestedProjects) = preSolution
		{0D02648A-DD90-47F0-A017-BA8781CAD7E1} = {827E0CD3-B72D-47B6-A68D-7590B98EB39B}
		{C89E3202-A1C2-45A9-B0AE-D68241B000A9} = {827E0CD3-B72D-47B6-A68D-7590B98EB39B}
		{7BD1F041-2022-48AF-B90D-28DC5E5A7C2A} = {827E0CD3-B72D-47B6-A68D-7590B98EB39B}
		{1AD7A6C3-EEBE-40C2-9011-E5AF3B47AC95} = {827E0CD3-B72D-47B6-A68D-7590B98EB39B}
		{709E1F5E-A714-407E-A538-2864B1535818} = {827E0CD3-B72D-47B6-A68D-7590B98EB39B}
		{5B7E70EA-6CC8-46E0-AB51-67E81B290912} = {827E0CD3-B72D-47B6-A68D-7590B98EB39B}
		{C5F757C5-9294-4080-AA54-A06EB7D21726} = {827E0CD3-B72D-47B6-A68D-7590B98EB39B}
		{10912C89-CA47-4E03-B7FF-6D9D0726F2DA} = {827E0CD3-B72D-47B6-A68D-7590B98EB39B}
	EndGlobalSection
EndGlobal
